
Microsoft Visual Studio Solution File, Format Version 12.00
# Visual Studio Version 16
VisualStudioVersion = 16.0.29926.136
MinimumVisualStudioVersion = 10.0.40219.1
Project("{FAE04EC0-301F-11D3-BF4B-00C04F79EFBC}") = "UserManagement", "UserManagement\UserManagement.csproj", "{A79E61A7-23B0-42CF-A335-8FB7E8014551}"
EndProject
Global
	GlobalSection(SolutionConfigurationPlatforms) = preSolution
		Debug|Any CPU = Debug|Any CPU
		Release|Any CPU = Release|Any CPU
	EndGlobalSection
	GlobalSection(ProjectConfigurationPlatforms) = postSolution
		{A79E61A7-23B0-42CF-A335-8FB7E8014551}.Debug|Any CPU.ActiveCfg = Debug|Any CPU
		{A79E61A7-23B0-42CF-A335-8FB7E8014551}.Debug|Any CPU.Build.0 = Debug|Any CPU
		{A79E61A7-23B0-42CF-A335-8FB7E8014551}.Release|Any CPU.ActiveCfg = Release|Any CPU
		{A79E61A7-23B0-42CF-A335-8FB7E8014551}.Release|Any CPU.Build.0 = Release|Any CPU
	EndGlobalSection
	GlobalSection(SolutionProperties) = preSolution
		HideSolutionNode = FALSE
	EndGlobalSection
	GlobalSection(ExtensibilityGlobals) = postSolution
		SolutionGuid = {508B1059-A8AF-40C8-B5BD-C19177B68E1E}
	EndGlobalSection
EndGlobal
